hash: 4d2fdb790a8a524fd928d4bcf2f8dd37dbb498903e95f1402d6c7913566230b3
updated: 2018-02-19T18:36:55.53408+09:00
imports:
- name: github.com/go-sql-driver/mysql
  version: a0583e0143b1624142adab07e0e97fe106d99561
- name: github.com/gorilla/context
  version: 08b5f424b9271eedf6f9f0ce86cb9396ed337a42
- name: github.com/gorilla/mux
  version: c0091a029979286890368b4c7b301261e448e242
- name: github.com/mailru/easyjson
  version: 32fa128f234d041f196a9f3e0fea5ac9772c08e1
  subpackages:
  - buffer
  - jlexer
  - jwriter
- name: github.com/mattn/go-runewidth
  version: 97311d9f7767e3d6f422ea06661bc2c7a19e8a5d
- name: github.com/olekukonko/tablewriter
  version: b8a9be070da40449e501c3c4730a889e42d87a9e
- name: github.com/olivere/elastic
  version: 2982cec1ae1eb496c4e6ec43b4136bedb977fec7
  subpackages:
  - config
  - uritemplates
- name: github.com/pkg/errors
  version: f15c970de5b76fac0b59abb32d62c17cc7bed265
- name: github.com/sirupsen/logrus
  version: d682213848ed68c0a260ca37d6dd5ace8423f5ba
- name: golang.org/x/crypto
  version: 6a293f2d4b14b8e6d3f0539e383f6d0d30fce3fd
  subpackages:
  - ssh/terminal
- name: golang.org/x/sys
  version: 1e2299c37cc91a509f1b12369872d27be0ce98a6
  subpackages:
  - unix
  - windows
testImports: []
